
Microsoft Visual Studio Solution File, Format Version 12.00
# Visual Studio Version 17
VisualStudioVersion = 17.0.31912.275
MinimumVisualStudioVersion = 10.0.40219.1
Project("{9A19103F-16F7-4668-BE54-9A1E7A4F7556}") = "Kernel", "Kernel\Kernel.csproj", "{C63C2060-AEDD-4907-8EFA-70D8E9CE4A10}"
EndProject
Project("{D954291E-2A0B-460D-934E-DC6B0785DB48}") = "Corlib", "Corlib\Corlib.shproj", "{2EA1F38F-F26E-4148-8FFD-38713478E015}"
EndProject
Project("{8BC9CEB8-8B4A-11D0-8D11-00A0C91BC942}") = "NativeLib", "NativeLib\NativeLib.vcxproj", "{4C81C206-F900-4CEC-B646-828A840817A6}"
EndProject
Project("{FAE04EC0-301F-11D3-BF4B-00C04F79EFBC}") = "ConsoleApp1", "ConsoleApp1\ConsoleApp1.csproj", "{4937D3A9-2F20-43BA-A794-89067F060502}"
EndProject
Global
	GlobalSection(SharedMSBuildProjectFiles) = preSolution
		Corlib\Corlib.projitems*{2ea1f38f-f26e-4148-8ffd-38713478e015}*SharedItemsImports = 13
		Corlib\Corlib.projitems*{4937d3a9-2f20-43ba-a794-89067f060502}*SharedItemsImports = 5
		Corlib\Corlib.projitems*{c63c2060-aedd-4907-8efa-70d8e9ce4a10}*SharedItemsImports = 5
	EndGlobalSection
	GlobalSection(SolutionConfigurationPlatforms) = preSolution
		Debug|Any CPU = Debug|Any CPU
		Debug|x64 = Debug|x64
		Debug|x86 = Debug|x86
		Release|Any CPU = Release|Any CPU
		Release|x64 = Release|x64
		Release|x86 = Release|x86
	EndGlobalSection
	GlobalSection(ProjectConfigurationPlatforms) = postSolution
		{C63C2060-AEDD-4907-8EFA-70D8E9CE4A10}.Debug|Any CPU.ActiveCfg = Debug|Any CPU
		{C63C2060-AEDD-4907-8EFA-70D8E9CE4A10}.Debug|Any CPU.Build.0 = Debug|Any CPU
		{C63C2060-AEDD-4907-8EFA-70D8E9CE4A10}.Debug|x64.ActiveCfg = Debug|Any CPU
		{C63C2060-AEDD-4907-8EFA-70D8E9CE4A10}.Debug|x64.Build.0 = Debug|Any CPU
		{C63C2060-AEDD-4907-8EFA-70D8E9CE4A10}.Debug|x86.ActiveCfg = Debug|Any CPU
		{C63C2060-AEDD-4907-8EFA-70D8E9CE4A10}.Debug|x86.Build.0 = Debug|Any CPU
		{C63C2060-AEDD-4907-8EFA-70D8E9CE4A10}.Release|Any CPU.ActiveCfg = Release|Any CPU
		{C63C2060-AEDD-4907-8EFA-70D8E9CE4A10}.Release|Any CPU.Build.0 = Release|Any CPU
		{C63C2060-AEDD-4907-8EFA-70D8E9CE4A10}.Release|x64.ActiveCfg = Release|x64
		{C63C2060-AEDD-4907-8EFA-70D8E9CE4A10}.Release|x64.Build.0 = Release|x64
		{C63C2060-AEDD-4907-8EFA-70D8E9CE4A10}.Release|x86.ActiveCfg = Release|Any CPU
		{C63C2060-AEDD-4907-8EFA-70D8E9CE4A10}.Release|x86.Build.0 = Release|Any CPU
		{4C81C206-F900-4CEC-B646-828A840817A6}.Debug|Any CPU.ActiveCfg = Debug|x64
		{4C81C206-F900-4CEC-B646-828A840817A6}.Debug|Any CPU.Build.0 = Debug|x64
		{4C81C206-F900-4CEC-B646-828A840817A6}.Debug|x64.ActiveCfg = Debug|x64
		{4C81C206-F900-4CEC-B646-828A840817A6}.Debug|x64.Build.0 = Debug|x64
		{4C81C206-F900-4CEC-B646-828A840817A6}.Debug|x86.ActiveCfg = Debug|Win32
		{4C81C206-F900-4CEC-B646-828A840817A6}.Debug|x86.Build.0 = Debug|Win32
		{4C81C206-F900-4CEC-B646-828A840817A6}.Release|Any CPU.ActiveCfg = Release|x64
		{4C81C206-F900-4CEC-B646-828A840817A6}.Release|Any CPU.Build.0 = Release|x64
		{4C81C206-F900-4CEC-B646-828A840817A6}.Release|x64.ActiveCfg = Release|x64
		{4C81C206-F900-4CEC-B646-828A840817A6}.Release|x64.Build.0 = Release|x64
		{4C81C206-F900-4CEC-B646-828A840817A6}.Release|x86.ActiveCfg = Release|Win32
		{4C81C206-F900-4CEC-B646-828A840817A6}.Release|x86.Build.0 = Release|Win32
		{4937D3A9-2F20-43BA-A794-89067F060502}.Debug|Any CPU.ActiveCfg = Debug|Any CPU
		{4937D3A9-2F20-43BA-A794-89067F060502}.Debug|Any CPU.Build.0 = Debug|Any CPU
		{4937D3A9-2F20-43BA-A794-89067F060502}.Debug|x64.ActiveCfg = Debug|Any CPU
		{4937D3A9-2F20-43BA-A794-89067F060502}.Debug|x64.Build.0 = Debug|Any CPU
		{4937D3A9-2F20-43BA-A794-89067F060502}.Debug|x86.ActiveCfg = Debug|Any CPU
		{4937D3A9-2F20-43BA-A794-89067F060502}.Debug|x86.Build.0 = Debug|Any CPU
		{4937D3A9-2F20-43BA-A794-89067F060502}.Release|Any CPU.ActiveCfg = Release|Any CPU
		{4937D3A9-2F20-43BA-A794-89067F060502}.Release|Any CPU.Build.0 = Release|Any CPU
		{4937D3A9-2F20-43BA-A794-89067F060502}.Release|x64.ActiveCfg = Release|Any CPU
		{4937D3A9-2F20-43BA-A794-89067F060502}.Release|x64.Build.0 = Release|Any CPU
		{4937D3A9-2F20-43BA-A794-89067F060502}.Release|x86.ActiveCfg = Release|Any CPU
		{4937D3A9-2F20-43BA-A794-89067F060502}.Release|x86.Build.0 = Release|Any CPU
	EndGlobalSection
	GlobalSection(SolutionProperties) = preSolution
		HideSolutionNode = FALSE
	EndGlobalSection
	GlobalSection(ExtensibilityGlobals) = postSolution
		SolutionGuid = {520E811A-5371-4234-B39B-9189715E441D}
	EndGlobalSection
EndGlobal
