<?xml version="1.0" encoding="utf-8"?>
<Project ToolsVersion="4.0" xmlns="http://schemas.microsoft.com/developer/msbuild/2003">
  <ItemGroup>
    <Filter Include="源文件">
      <UniqueIdentifier>{4FC737F1-C7A5-4376-A066-2A32D752A2FF}</UniqueIdentifier>
      <Extensions>cpp;c;cc;cxx;c++;cppm;ixx;def;odl;idl;hpj;bat;asm;asmx</Extensions>
    </Filter>
    <Filter Include="头文件">
      <UniqueIdentifier>{93995380-89BD-4b04-88EB-625FBE52EBFB}</UniqueIdentifier>
      <Extensions>h;hh;hpp;hxx;h++;hm;inl;inc;ipp;xsd</Extensions>
    </Filter>
    <Filter Include="资源文件">
      <UniqueIdentifier>{67DA6AB6-F800-4c08-8B7A-83BB121AAD01}</UniqueIdentifier>
      <Extensions>rc;ico;cur;bmp;dlg;rc2;rct;bin;rgs;gif;jpg;jpeg;jpe;resx;tiff;tif;png;wav;mfcribbon-ms</Extensions>
    </Filter>
    <Filter Include="头文件\lodepng">
      <UniqueIdentifier>{744b81dd-0afe-4e84-adba-9a9adec3f09c}</UniqueIdentifier>
    </Filter>
    <Filter Include="源文件\lodepng">
      <UniqueIdentifier>{6a7b206b-51a7-4d5f-9591-7b1309281e86}</UniqueIdentifier>
    </Filter>
    <Filter Include="源文件\fatfs">
      <UniqueIdentifier>{728cc175-8c6b-4328-a635-fb24151a3e09}</UniqueIdentifier>
    </Filter>
  </ItemGroup>
  <ItemGroup>
    <ClCompile Include="interrupts.cpp">
      <Filter>源文件</Filter>
    </ClCompile>
    <ClCompile Include="io.cpp">
      <Filter>源文件</Filter>
    </ClCompile>
    <ClCompile Include="native.cpp">
      <Filter>源文件</Filter>
    </ClCompile>
    <ClCompile Include="mem.cpp">
      <Filter>源文件</Filter>
    </ClCompile>
    <ClCompile Include="test.cpp">
      <Filter>源文件</Filter>
    </ClCompile>
    <ClCompile Include="lodepng.c">
      <Filter>源文件\lodepng</Filter>
    </ClCompile>
    <ClCompile Include="diskio.c">
      <Filter>源文件\fatfs</Filter>
    </ClCompile>
    <ClCompile Include="fatfs.c">
      <Filter>源文件\fatfs</Filter>
    </ClCompile>
    <ClCompile Include="ff.c">
      <Filter>源文件\fatfs</Filter>
    </ClCompile>
    <ClCompile Include="ffsystem.c">
      <Filter>源文件\fatfs</Filter>
    </ClCompile>
    <ClCompile Include="ffunicode.c">
      <Filter>源文件\fatfs</Filter>
    </ClCompile>
    <ClCompile Include="double_tostring.c">
      <Filter>源文件</Filter>
    </ClCompile>
  </ItemGroup>
  <ItemGroup>
    <MASM Include="interrupts_asm.asm">
      <Filter>源文件</Filter>
    </MASM>
    <MASM Include="misc.asm">
      <Filter>源文件</Filter>
    </MASM>
    <MASM Include="mathf.asm">
      <Filter>源文件</Filter>
    </MASM>
    <MASM Include="vmware.asm">
      <Filter>源文件</Filter>
    </MASM>
  </ItemGroup>
  <ItemGroup>
    <ClInclude Include="lodepng.h">
      <Filter>头文件\lodepng</Filter>
    </ClInclude>
    <ClInclude Include="diskio.h">
      <Filter>源文件\fatfs</Filter>
    </ClInclude>
    <ClInclude Include="ff.h">
      <Filter>源文件\fatfs</Filter>
    </ClInclude>
    <ClInclude Include="ffconf.h">
      <Filter>源文件\fatfs</Filter>
    </ClInclude>
    <ClInclude Include="integer.h">
      <Filter>源文件\fatfs</Filter>
    </ClInclude>
  </ItemGroup>
</Project>