
Microsoft Visual Studio Solution File, Format Version 12.00
# Visual Studio Version 17
VisualStudioVersion = 17.0.31912.275
MinimumVisualStudioVersion = 10.0.40219.1
Project("{9A19103F-16F7-4668-BE54-9A1E7A4F7556}") = "Kernel", "Kernel\Kernel.csproj", "{C63C2060-AEDD-4907-8EFA-70D8E9CE4A10}"
EndProject
Project("{8BC9CEB8-8B4A-11D0-8D11-00A0C91BC942}") = "NativeLib", "NativeLib\NativeLib.vcxproj", "{4C81C206-F900-4CEC-B646-828A840817A6}"
EndProject
Project("{D954291E-2A0B-460D-934E-DC6B0785DB48}") = "Corlib", "Corlib\Corlib.shproj", "{2EA1F38F-F26E-4148-8FFD-38713478E015}"
EndProject
Project("{D954291E-2A0B-460D-934E-DC6B0785DB48}") = "OS-Sharp", "OS-Sharp\OS-Sharp.shproj", "{E95441C8-8670-43D6-B505-1FAE13898E38}"
EndProject
Project("{D954291E-2A0B-460D-934E-DC6B0785DB48}") = "NESEmulator", "NESEmulator\NESEmulator.shproj", "{CE543972-57AB-4780-B05F-D3E760A6B7C3}"
EndProject
Project("{2150E333-8FDC-42A3-9474-1A3956D46DE8}") = "Solution Items", "Solution Items", "{41DD6A40-2E0C-4AC2-BA8A-9F6D12112DBD}"
	ProjectSection(SolutionItems) = preProject
		Tools\EntryPoint.asm = Tools\EntryPoint.asm
	EndProjectSection
EndProject
Global
	GlobalSection(SharedMSBuildProjectFiles) = preSolution
		Corlib\Corlib.projitems*{2ea1f38f-f26e-4148-8ffd-38713478e015}*SharedItemsImports = 13
		Corlib\Corlib.projitems*{c63c2060-aedd-4907-8efa-70d8e9ce4a10}*SharedItemsImports = 5
		NESEmulator\NESEmulator.projitems*{c63c2060-aedd-4907-8efa-70d8e9ce4a10}*SharedItemsImports = 5
		OS-Sharp\OS-Sharp.projitems*{c63c2060-aedd-4907-8efa-70d8e9ce4a10}*SharedItemsImports = 5
		NESEmulator\NESEmulator.projitems*{ce543972-57ab-4780-b05f-d3e760a6b7c3}*SharedItemsImports = 13
		OS-Sharp\OS-Sharp.projitems*{e95441c8-8670-43d6-b505-1fae13898e38}*SharedItemsImports = 13
	EndGlobalSection
	GlobalSection(SolutionConfigurationPlatforms) = preSolution
		Debug|Any CPU = Debug|Any CPU
		Debug|x64 = Debug|x64
		Debug|x86 = Debug|x86
		Release|Any CPU = Release|Any CPU
		Release|x64 = Release|x64
		Release|x86 = Release|x86
	EndGlobalSection
	GlobalSection(ProjectConfigurationPlatforms) = postSolution
		{C63C2060-AEDD-4907-8EFA-70D8E9CE4A10}.Debug|Any CPU.ActiveCfg = Debug|Any CPU
		{C63C2060-AEDD-4907-8EFA-70D8E9CE4A10}.Debug|Any CPU.Build.0 = Debug|Any CPU
		{C63C2060-AEDD-4907-8EFA-70D8E9CE4A10}.Debug|x64.ActiveCfg = Debug|Any CPU
		{C63C2060-AEDD-4907-8EFA-70D8E9CE4A10}.Debug|x64.Build.0 = Debug|Any CPU
		{C63C2060-AEDD-4907-8EFA-70D8E9CE4A10}.Debug|x86.ActiveCfg = Debug|Any CPU
		{C63C2060-AEDD-4907-8EFA-70D8E9CE4A10}.Debug|x86.Build.0 = Debug|Any CPU
		{C63C2060-AEDD-4907-8EFA-70D8E9CE4A10}.Release|Any CPU.ActiveCfg = Release|Any CPU
		{C63C2060-AEDD-4907-8EFA-70D8E9CE4A10}.Release|Any CPU.Build.0 = Release|Any CPU
		{C63C2060-AEDD-4907-8EFA-70D8E9CE4A10}.Release|x64.ActiveCfg = Release|x64
		{C63C2060-AEDD-4907-8EFA-70D8E9CE4A10}.Release|x64.Build.0 = Release|x64
		{C63C2060-AEDD-4907-8EFA-70D8E9CE4A10}.Release|x86.ActiveCfg = Release|Any CPU
		{C63C2060-AEDD-4907-8EFA-70D8E9CE4A10}.Release|x86.Build.0 = Release|Any CPU
		{4C81C206-F900-4CEC-B646-828A840817A6}.Debug|Any CPU.ActiveCfg = Debug|x64
		{4C81C206-F900-4CEC-B646-828A840817A6}.Debug|Any CPU.Build.0 = Debug|x64
		{4C81C206-F900-4CEC-B646-828A840817A6}.Debug|x64.ActiveCfg = Debug|x64
		{4C81C206-F900-4CEC-B646-828A840817A6}.Debug|x64.Build.0 = Debug|x64
		{4C81C206-F900-4CEC-B646-828A840817A6}.Debug|x86.ActiveCfg = Debug|Win32
		{4C81C206-F900-4CEC-B646-828A840817A6}.Debug|x86.Build.0 = Debug|Win32
		{4C81C206-F900-4CEC-B646-828A840817A6}.Release|Any CPU.ActiveCfg = Release|x64
		{4C81C206-F900-4CEC-B646-828A840817A6}.Release|Any CPU.Build.0 = Release|x64
		{4C81C206-F900-4CEC-B646-828A840817A6}.Release|x64.ActiveCfg = Release|x64
		{4C81C206-F900-4CEC-B646-828A840817A6}.Release|x64.Build.0 = Release|x64
		{4C81C206-F900-4CEC-B646-828A840817A6}.Release|x86.ActiveCfg = Release|Win32
		{4C81C206-F900-4CEC-B646-828A840817A6}.Release|x86.Build.0 = Release|Win32
	EndGlobalSection
	GlobalSection(SolutionProperties) = preSolution
		HideSolutionNode = FALSE
	EndGlobalSection
	GlobalSection(ExtensibilityGlobals) = postSolution
		SolutionGuid = {520E811A-5371-4234-B39B-9189715E441D}
	EndGlobalSection
EndGlobal
